
Microsoft Visual Studio Solution File, Format Version 12.00
# Visual Studio Version 16
VisualStudioVersion = 16.0.29503.13
MinimumVisualStudioVersion = 10.0.40219.1
Project("{FAE04EC0-301F-11D3-BF4B-00C04F79EFBC}") = "ObjectCompareUtil", "ObjectCompareUtil\ObjectCompareUtil.csproj", "{A088046D-8011-4620-B660-A09CEC8658CE}"
EndProject
Global
	GlobalSection(SolutionConfigurationPlatforms) = preSolution
		Debug|Any CPU = Debug|Any CPU
		Release|Any CPU = Release|Any CPU
	EndGlobalSection
	GlobalSection(ProjectConfigurationPlatforms) = postSolution
		{A088046D-8011-4620-B660-A09CEC8658CE}.Debug|Any CPU.ActiveCfg = Debug|Any CPU
		{A088046D-8011-4620-B660-A09CEC8658CE}.Debug|Any CPU.Build.0 = Debug|Any CPU
		{A088046D-8011-4620-B660-A09CEC8658CE}.Release|Any CPU.ActiveCfg = Release|Any CPU
		{A088046D-8011-4620-B660-A09CEC8658CE}.Release|Any CPU.Build.0 = Release|Any CPU
	EndGlobalSection
	GlobalSection(SolutionProperties) = preSolution
		HideSolutionNode = FALSE
	EndGlobalSection
	GlobalSection(ExtensibilityGlobals) = postSolution
		SolutionGuid = {103CB2C5-23BE-44F2-BE3D-9D4F7508BF00}
	EndGlobalSection
EndGlobal
